lockfileVersion: '6.0'

settings:
  autoInstallPeers: true
  excludeLinksFromLockfile: false

dependencies:
  aws-cdk-lib:
    specifier: ^2.140.0
    version: 2.257.0(constructs@10.6.0)
  constructs:
    specifier: ^10.3.0
    version: 10.6.0

devDependencies:
  aws-cdk:
    specifier: ^2.140.0
    version: 2.1125.0
  typescript:
    specifier: ^5.4.0
    version: 5.9.3

packages:

  /@aws-cdk/asset-awscli-v1@2.2.273:
    resolution: {integrity: sha512-X57HYUtHt9BQrlrzUNcMyRsDUCoakYNnY6qh5lNwRCHPtQoTfXmuISkfLk0AjLkcbS5lw1LLTQFiQhTDXfiTvg==}
    dev: false

  /@aws-cdk/asset-node-proxy-agent-v6@2.1.2:
    resolution: {integrity: sha512-pDiuqH+qY3zM9lhhLjbKJ1tnKOHzQ2V4Wr/3qsxyKeKAkuPMI/BVGvZG1PbrikUw949cGVTfVEt4ETKKYnrj0Q==}
    dev: false

  /@aws-cdk/cloud-assembly-schema@53.28.0:
    resolution: {integrity: sha512-pZS+9bLGv2tCqcgxfA0WD3XjcqT3yE4ICvKeJEicw6aTdCxBl8FQ/AUsorY/6f2JrMS3kUQgvhXxA30MWcji0A==}
    engines: {node: '>= 18.0.0'}
    dev: false
    bundledDependencies:
      - jsonschema
      - semver

  /aws-cdk-lib@2.257.0(constructs@10.6.0):
    resolution: {integrity: sha512-GoHfWklrBJcMwLtDlY64pvaT7cD2KyDXC8sik89DR6jHl6nQsBtYTKSJCM+C/k4jgXaecbv8myNX75FySejq0A==}
    engines: {node: '>= 20.0.0'}
    peerDependencies:
      constructs: ^10.5.0
    dependencies:
      '@aws-cdk/asset-awscli-v1': 2.2.273
      '@aws-cdk/asset-node-proxy-agent-v6': 2.1.2
      '@aws-cdk/cloud-assembly-schema': 53.28.0
      constructs: 10.6.0
    dev: false
    bundledDependencies:
      - '@balena/dockerignore'
      - '@aws-cdk/cloud-assembly-api'
      - case
      - fs-extra
      - ignore
      - jsonschema
      - minimatch
      - punycode
      - semver
      - table
      - yaml
      - mime-types

  /aws-cdk@2.1125.0:
    resolution: {integrity: sha512-QAvsE2XQMcyNOjMMqAS7eDADR9t6vcFcMQvhOmtLfDqgfJXSyTkHvzM5zgwZCdJ4FNqWr5Y/zXvL1Cv5ECKXwQ==}
    engines: {node: '>= 18.0.0'}
    hasBin: true
    dev: true

  /constructs@10.6.0:
    resolution: {integrity: sha512-TxHOnBO5zMo/G76ykzGF/wMpEHu257TbWiIxP9K0Yv/+t70UzgBQiTqjkAsWOPC6jW91DzJI0+ehQV6xDRNBuQ==}
    dev: false

  /typescript@5.9.3:
    resolution: {integrity: sha512-jl1vZzPDinLr9eUt3J/t7V6FgNEw9QjvBPdysz9KfQDD41fQrC2Y4vKQdiaUpFT4bXlb1RHhLpp8wtm6M5TgSw==}
    engines: {node: '>=14.17'}
    hasBin: true
    dev: true
